
Microsoft Visual Studio Solution File, Format Version 12.00
# Visual Studio Version 17
VisualStudioVersion = 17.0.31903.59
MinimumVisualStudioVersion = 10.0.40219.1
Project("{FAE04EC0-301F-11D3-BF4B-00C04F79EFBC}") = "PepperBudget.Web.Backend", "PepperBudget.Web.Backend\PepperBudget.Web.Backend.csproj", "{F4ADF816-3D20-488F-8508-D1FFA1F71AEC}"
EndProject
Project("{FAE04EC0-301F-11D3-BF4B-00C04F79EFBC}") = "PepperBudget.Web.Frontend", "PepperBudget.Web.Frontend\PepperBudget.Web.Frontend.csproj", "{6E401C6A-F978-413D-81E2-A248E767F311}"
EndProject
Project("{FAE04EC0-301F-11D3-BF4B-00C04F79EFBC}") = "PepperBudget.Data.Models", "PepperBudget.Data.Models\PepperBudget.Data.Models.csproj", "{0D6B9766-7E0C-4B15-B10D-5F8C1C57A64A}"
EndProject
Project("{FAE04EC0-301F-11D3-BF4B-00C04F79EFBC}") = "PepperBudget.Data", "PepperBudget.Data\PepperBudget.Data.csproj", "{2CC7BA6E-EDAA-4673-854C-2403FCCFC5A8}"
EndProject
Project("{FAE04EC0-301F-11D3-BF4B-00C04F79EFBC}") = "PepperBudget.Api", "PepperBudget.Api\PepperBudget.Api.csproj", "{30CAE44B-9D35-4B7E-9628-B1297F96E579}"
EndProject
Global
	GlobalSection(SolutionConfigurationPlatforms) = preSolution
		Debug|Any CPU = Debug|Any CPU
		Debug|x64 = Debug|x64
		Debug|x86 = Debug|x86
		Release|Any CPU = Release|Any CPU
		Release|x64 = Release|x64
		Release|x86 = Release|x86
	EndGlobalSection
	GlobalSection(ProjectConfigurationPlatforms) = postSolution
		{F4ADF816-3D20-488F-8508-D1FFA1F71AEC}.Debug|Any CPU.ActiveCfg = Debug|Any CPU
		{F4ADF816-3D20-488F-8508-D1FFA1F71AEC}.Debug|Any CPU.Build.0 = Debug|Any CPU
		{F4ADF816-3D20-488F-8508-D1FFA1F71AEC}.Debug|x64.ActiveCfg = Debug|Any CPU
		{F4ADF816-3D20-488F-8508-D1FFA1F71AEC}.Debug|x64.Build.0 = Debug|Any CPU
		{F4ADF816-3D20-488F-8508-D1FFA1F71AEC}.Debug|x86.ActiveCfg = Debug|Any CPU
		{F4ADF816-3D20-488F-8508-D1FFA1F71AEC}.Debug|x86.Build.0 = Debug|Any CPU
		{F4ADF816-3D20-488F-8508-D1FFA1F71AEC}.Release|Any CPU.ActiveCfg = Release|Any CPU
		{F4ADF816-3D20-488F-8508-D1FFA1F71AEC}.Release|Any CPU.Build.0 = Release|Any CPU
		{F4ADF816-3D20-488F-8508-D1FFA1F71AEC}.Release|x64.ActiveCfg = Release|Any CPU
		{F4ADF816-3D20-488F-8508-D1FFA1F71AEC}.Release|x64.Build.0 = Release|Any CPU
		{F4ADF816-3D20-488F-8508-D1FFA1F71AEC}.Release|x86.ActiveCfg = Release|Any CPU
		{F4ADF816-3D20-488F-8508-D1FFA1F71AEC}.Release|x86.Build.0 = Release|Any CPU
		{6E401C6A-F978-413D-81E2-A248E767F311}.Debug|Any CPU.ActiveCfg = Debug|Any CPU
		{6E401C6A-F978-413D-81E2-A248E767F311}.Debug|Any CPU.Build.0 = Debug|Any CPU
		{6E401C6A-F978-413D-81E2-A248E767F311}.Debug|x64.ActiveCfg = Debug|Any CPU
		{6E401C6A-F978-413D-81E2-A248E767F311}.Debug|x64.Build.0 = Debug|Any CPU
		{6E401C6A-F978-413D-81E2-A248E767F311}.Debug|x86.ActiveCfg = Debug|Any CPU
		{6E401C6A-F978-413D-81E2-A248E767F311}.Debug|x86.Build.0 = Debug|Any CPU
		{6E401C6A-F978-413D-81E2-A248E767F311}.Release|Any CPU.ActiveCfg = Release|Any CPU
		{6E401C6A-F978-413D-81E2-A248E767F311}.Release|Any CPU.Build.0 = Release|Any CPU
		{6E401C6A-F978-413D-81E2-A248E767F311}.Release|x64.ActiveCfg = Release|Any CPU
		{6E401C6A-F978-413D-81E2-A248E767F311}.Release|x64.Build.0 = Release|Any CPU
		{6E401C6A-F978-413D-81E2-A248E767F311}.Release|x86.ActiveCfg = Release|Any CPU
		{6E401C6A-F978-413D-81E2-A248E767F311}.Release|x86.Build.0 = Release|Any CPU
		{0D6B9766-7E0C-4B15-B10D-5F8C1C57A64A}.Debug|Any CPU.ActiveCfg = Debug|Any CPU
		{0D6B9766-7E0C-4B15-B10D-5F8C1C57A64A}.Debug|Any CPU.Build.0 = Debug|Any CPU
		{0D6B9766-7E0C-4B15-B10D-5F8C1C57A64A}.Debug|x64.ActiveCfg = Debug|Any CPU
		{0D6B9766-7E0C-4B15-B10D-5F8C1C57A64A}.Debug|x64.Build.0 = Debug|Any CPU
		{0D6B9766-7E0C-4B15-B10D-5F8C1C57A64A}.Debug|x86.ActiveCfg = Debug|Any CPU
		{0D6B9766-7E0C-4B15-B10D-5F8C1C57A64A}.Debug|x86.Build.0 = Debug|Any CPU
		{0D6B9766-7E0C-4B15-B10D-5F8C1C57A64A}.Release|Any CPU.ActiveCfg = Release|Any CPU
		{0D6B9766-7E0C-4B15-B10D-5F8C1C57A64A}.Release|Any CPU.Build.0 = Release|Any CPU
		{0D6B9766-7E0C-4B15-B10D-5F8C1C57A64A}.Release|x64.ActiveCfg = Release|Any CPU
		{0D6B9766-7E0C-4B15-B10D-5F8C1C57A64A}.Release|x64.Build.0 = Release|Any CPU
		{0D6B9766-7E0C-4B15-B10D-5F8C1C57A64A}.Release|x86.ActiveCfg = Release|Any CPU
		{0D6B9766-7E0C-4B15-B10D-5F8C1C57A64A}.Release|x86.Build.0 = Release|Any CPU
		{2CC7BA6E-EDAA-4673-854C-2403FCCFC5A8}.Debug|Any CPU.ActiveCfg = Debug|Any CPU
		{2CC7BA6E-EDAA-4673-854C-2403FCCFC5A8}.Debug|Any CPU.Build.0 = Debug|Any CPU
		{2CC7BA6E-EDAA-4673-854C-2403FCCFC5A8}.Debug|x64.ActiveCfg = Debug|Any CPU
		{2CC7BA6E-EDAA-4673-854C-2403FCCFC5A8}.Debug|x64.Build.0 = Debug|Any CPU
		{2CC7BA6E-EDAA-4673-854C-2403FCCFC5A8}.Debug|x86.ActiveCfg = Debug|Any CPU
		{2CC7BA6E-EDAA-4673-854C-2403FCCFC5A8}.Debug|x86.Build.0 = Debug|Any CPU
		{2CC7BA6E-EDAA-4673-854C-2403FCCFC5A8}.Release|Any CPU.ActiveCfg = Release|Any CPU
		{2CC7BA6E-EDAA-4673-854C-2403FCCFC5A8}.Release|Any CPU.Build.0 = Release|Any CPU
		{2CC7BA6E-EDAA-4673-854C-2403FCCFC5A8}.Release|x64.ActiveCfg = Release|Any CPU
		{2CC7BA6E-EDAA-4673-854C-2403FCCFC5A8}.Release|x64.Build.0 = Release|Any CPU
		{2CC7BA6E-EDAA-4673-854C-2403FCCFC5A8}.Release|x86.ActiveCfg = Release|Any CPU
		{2CC7BA6E-EDAA-4673-854C-2403FCCFC5A8}.Release|x86.Build.0 = Release|Any CPU
		{30CAE44B-9D35-4B7E-9628-B1297F96E579}.Debug|Any CPU.ActiveCfg = Debug|Any CPU
		{30CAE44B-9D35-4B7E-9628-B1297F96E579}.Debug|Any CPU.Build.0 = Debug|Any CPU
		{30CAE44B-9D35-4B7E-9628-B1297F96E579}.Debug|x64.ActiveCfg = Debug|Any CPU
		{30CAE44B-9D35-4B7E-9628-B1297F96E579}.Debug|x64.Build.0 = Debug|Any CPU
		{30CAE44B-9D35-4B7E-9628-B1297F96E579}.Debug|x86.ActiveCfg = Debug|Any CPU
		{30CAE44B-9D35-4B7E-9628-B1297F96E579}.Debug|x86.Build.0 = Debug|Any CPU
		{30CAE44B-9D35-4B7E-9628-B1297F96E579}.Release|Any CPU.ActiveCfg = Release|Any CPU
		{30CAE44B-9D35-4B7E-9628-B1297F96E579}.Release|Any CPU.Build.0 = Release|Any CPU
		{30CAE44B-9D35-4B7E-9628-B1297F96E579}.Release|x64.ActiveCfg = Release|Any CPU
		{30CAE44B-9D35-4B7E-9628-B1297F96E579}.Release|x64.Build.0 = Release|Any CPU
		{30CAE44B-9D35-4B7E-9628-B1297F96E579}.Release|x86.ActiveCfg = Release|Any CPU
		{30CAE44B-9D35-4B7E-9628-B1297F96E579}.Release|x86.Build.0 = Release|Any CPU
	EndGlobalSection
	GlobalSection(SolutionProperties) = preSolution
		HideSolutionNode = FALSE
	EndGlobalSection
	GlobalSection(ExtensibilityGlobals) = postSolution
		SolutionGuid = {F89B1567-A2F1-4C92-AE26-0F53B9338A70}
	EndGlobalSection
EndGlobal
